Microsoft Visual Studio Solution File, Format Version 11.00
# Visual Studio 2008

Project("{62B23978-479F-EF1C-2F90-9CC28CE908F1}") = "UnityScriptTutoria", "Assembly-CSharp.csproj", "{E22304E6-0DE6-F154-BA71-80CF044E0C36}"
EndProject
Project("{62B23978-479F-EF1C-2F90-9CC28CE908F1}") = "UnityScriptTutoria", "Assembly-CSharp-Editor.csproj", "{79D6AA92-E9DA-51B1-0380-BF26AD409E55}"
EndProject
Global
	GlobalSection(SolutionConfigurationPlatforms) = preSolution
		Debug|Any CPU = Debug|Any CPU
		Release|Any CPU = Release|Any CPU
	EndGlobalSection
	GlobalSection(ProjectConfigurationPlatforms) = postSolution
		{E22304E6-0DE6-F154-BA71-80CF044E0C36}.Debug|Any CPU.ActiveCfg = Debug|Any CPU
		{E22304E6-0DE6-F154-BA71-80CF044E0C36}.Debug|Any CPU.Build.0 = Debug|Any CPU
		{E22304E6-0DE6-F154-BA71-80CF044E0C36}.Release|Any CPU.ActiveCfg = Release|Any CPU
		{E22304E6-0DE6-F154-BA71-80CF044E0C36}.Release|Any CPU.Build.0 = Release|Any CPU
		{79D6AA92-E9DA-51B1-0380-BF26AD409E55}.Debug|Any CPU.ActiveCfg = Debug|Any CPU
		{79D6AA92-E9DA-51B1-0380-BF26AD409E55}.Debug|Any CPU.Build.0 = Debug|Any CPU
		{79D6AA92-E9DA-51B1-0380-BF26AD409E55}.Release|Any CPU.ActiveCfg = Release|Any CPU
		{79D6AA92-E9DA-51B1-0380-BF26AD409E55}.Release|Any CPU.Build.0 = Release|Any CPU
	EndGlobalSection
	GlobalSection(SolutionProperties) = preSolution
		HideSolutionNode = FALSE
	EndGlobalSection
							GlobalSection(MonoDevelopProperties) = preSolution
		StartupItem = Assembly-CSharp.csproj
		Policies = $0
		$0.TextStylePolicy = $1
		$1.inheritsSet = null
		$1.scope = text/x-csharp
		$0.CSharpFormattingPolicy = $2
		$2.inheritsSet = Mono
		$2.inheritsScope = text/x-csharp
		$2.scope = text/x-csharp
		$0.TextStylePolicy = $3
		$3.FileWidth = 120
		$3.TabWidth = 4
		$3.EolMarker = Unix
		$3.inheritsSet = Mono
		$3.inheritsScope = text/plain
		$3.scope = text/plain
	EndGlobalSection

EndGlobal
